
Microsoft Visual Studio Solution File, Format Version 12.00
# Visual Studio Version 17
VisualStudioVersion = 17.12.35707.178
MinimumVisualStudioVersion = 10.0.40219.1
Project("{FAE04EC0-301F-11D3-BF4B-00C04F79EFBC}") = "EventAPI", "EventAPI\EventAPI.csproj", "{063EC8B8-E47E-47D0-9B4F-5C0CDAAB2587}"
EndProject
Project("{FAE04EC0-301F-11D3-BF4B-00C04F79EFBC}") = "EventClient", "EventClient\EventClient.csproj", "{8FCB5F94-7DDD-4ED9-969E-C95B7B6269AA}"
EndProject
Global
	GlobalSection(SolutionConfigurationPlatforms) = preSolution
		Debug|Any CPU = Debug|Any CPU
		Release|Any CPU = Release|Any CPU
	EndGlobalSection
	GlobalSection(ProjectConfigurationPlatforms) = postSolution
		{063EC8B8-E47E-47D0-9B4F-5C0CDAAB2587}.Debug|Any CPU.ActiveCfg = Debug|Any CPU
		{063EC8B8-E47E-47D0-9B4F-5C0CDAAB2587}.Debug|Any CPU.Build.0 = Debug|Any CPU
		{063EC8B8-E47E-47D0-9B4F-5C0CDAAB2587}.Release|Any CPU.ActiveCfg = Release|Any CPU
		{063EC8B8-E47E-47D0-9B4F-5C0CDAAB2587}.Release|Any CPU.Build.0 = Release|Any CPU
		{8FCB5F94-7DDD-4ED9-969E-C95B7B6269AA}.Debug|Any CPU.ActiveCfg = Debug|Any CPU
		{8FCB5F94-7DDD-4ED9-969E-C95B7B6269AA}.Debug|Any CPU.Build.0 = Debug|Any CPU
		{8FCB5F94-7DDD-4ED9-969E-C95B7B6269AA}.Release|Any CPU.ActiveCfg = Release|Any CPU
		{8FCB5F94-7DDD-4ED9-969E-C95B7B6269AA}.Release|Any CPU.Build.0 = Release|Any CPU
	EndGlobalSection
	GlobalSection(SolutionProperties) = preSolution
		HideSolutionNode = FALSE
	EndGlobalSection
EndGlobal
